
Microsoft Visual Studio Solution File, Format Version 12.00
# Visual Studio 15
VisualStudioVersion = 15.0.27428.1
MinimumVisualStudioVersion = 10.0.40219.1
Project("{FAE04EC0-301F-11D3-BF4B-00C04F79EFBC}") = "PageEnginePOC", "PageEnginePOC\PageEnginePOC.csproj", "{564851DF-0A47-460F-B4A0-5AFE31290690}"
EndProject
Global
	GlobalSection(SolutionConfigurationPlatforms) = preSolution
		Debug|Any CPU = Debug|Any CPU
		Release|Any CPU = Release|Any CPU
	EndGlobalSection
	GlobalSection(ProjectConfigurationPlatforms) = postSolution
		{564851DF-0A47-460F-B4A0-5AFE31290690}.Debug|Any CPU.ActiveCfg = Debug|Any CPU
		{564851DF-0A47-460F-B4A0-5AFE31290690}.Debug|Any CPU.Build.0 = Debug|Any CPU
		{564851DF-0A47-460F-B4A0-5AFE31290690}.Release|Any CPU.ActiveCfg = Release|Any CPU
		{564851DF-0A47-460F-B4A0-5AFE31290690}.Release|Any CPU.Build.0 = Release|Any CPU
	EndGlobalSection
	GlobalSection(SolutionProperties) = preSolution
		HideSolutionNode = FALSE
	EndGlobalSection
	GlobalSection(ExtensibilityGlobals) = postSolution
		SolutionGuid = {D749D00B-05F0-4974-B853-7C24B7CE725C}
	EndGlobalSection
EndGlobal
